
Microsoft Visual Studio Solution File, Format Version 12.00
# Visual Studio Version 17
VisualStudioVersion = 17.11.35327.3
MinimumVisualStudioVersion = 10.0.40219.1
Project("{FAE04EC0-301F-11D3-BF4B-00C04F79EFBC}") = "KoiFengShuiSystem", "KoiFengShuiSystem\KoiFengShuiSystem.csproj", "{300B26CF-DF6C-49B4-A393-76EC2C8900A3}"
EndProject
Project("{FAE04EC0-301F-11D3-BF4B-00C04F79EFBC}") = "FengShuiKoi_BO", "FengShuiKoi_BO\FengShuiKoi_BO.csproj", "{BA4BFDCA-B043-48DF-BB38-6E87C5614C79}"
EndProject
Project("{FAE04EC0-301F-11D3-BF4B-00C04F79EFBC}") = "FengShuiKoi_DAO", "FengShuiKoi_DAO\FengShuiKoi_DAO.csproj", "{13F1BFE3-BC18-4BDA-B768-39AD82D60041}"
EndProject
Project("{FAE04EC0-301F-11D3-BF4B-00C04F79EFBC}") = "FengShuiKoi_Repository", "FengShuiKoi_Reposistory\FengShuiKoi_Repository.csproj", "{0A343994-591A-4D58-A613-A9546B1C62BB}"
EndProject
Project("{FAE04EC0-301F-11D3-BF4B-00C04F79EFBC}") = "FengShuiKoi_Services", "FengShuiKoi_Services\FengShuiKoi_Services.csproj", "{536BD056-92CE-4B17-A08F-4D36ABEBDDD2}"
EndProject
Global
	GlobalSection(SolutionConfigurationPlatforms) = preSolution
		Debug|Any CPU = Debug|Any CPU
		Release|Any CPU = Release|Any CPU
	EndGlobalSection
	GlobalSection(ProjectConfigurationPlatforms) = postSolution
		{300B26CF-DF6C-49B4-A393-76EC2C8900A3}.Debug|Any CPU.ActiveCfg = Debug|Any CPU
		{300B26CF-DF6C-49B4-A393-76EC2C8900A3}.Debug|Any CPU.Build.0 = Debug|Any CPU
		{300B26CF-DF6C-49B4-A393-76EC2C8900A3}.Release|Any CPU.ActiveCfg = Release|Any CPU
		{300B26CF-DF6C-49B4-A393-76EC2C8900A3}.Release|Any CPU.Build.0 = Release|Any CPU
		{BA4BFDCA-B043-48DF-BB38-6E87C5614C79}.Debug|Any CPU.ActiveCfg = Debug|Any CPU
		{BA4BFDCA-B043-48DF-BB38-6E87C5614C79}.Debug|Any CPU.Build.0 = Debug|Any CPU
		{BA4BFDCA-B043-48DF-BB38-6E87C5614C79}.Release|Any CPU.ActiveCfg = Release|Any CPU
		{BA4BFDCA-B043-48DF-BB38-6E87C5614C79}.Release|Any CPU.Build.0 = Release|Any CPU
		{13F1BFE3-BC18-4BDA-B768-39AD82D60041}.Debug|Any CPU.ActiveCfg = Debug|Any CPU
		{13F1BFE3-BC18-4BDA-B768-39AD82D60041}.Debug|Any CPU.Build.0 = Debug|Any CPU
		{13F1BFE3-BC18-4BDA-B768-39AD82D60041}.Release|Any CPU.ActiveCfg = Release|Any CPU
		{13F1BFE3-BC18-4BDA-B768-39AD82D60041}.Release|Any CPU.Build.0 = Release|Any CPU
		{0A343994-591A-4D58-A613-A9546B1C62BB}.Debug|Any CPU.ActiveCfg = Debug|Any CPU
		{0A343994-591A-4D58-A613-A9546B1C62BB}.Debug|Any CPU.Build.0 = Debug|Any CPU
		{0A343994-591A-4D58-A613-A9546B1C62BB}.Release|Any CPU.ActiveCfg = Release|Any CPU
		{0A343994-591A-4D58-A613-A9546B1C62BB}.Release|Any CPU.Build.0 = Release|Any CPU
		{536BD056-92CE-4B17-A08F-4D36ABEBDDD2}.Debug|Any CPU.ActiveCfg = Debug|Any CPU
		{536BD056-92CE-4B17-A08F-4D36ABEBDDD2}.Debug|Any CPU.Build.0 = Debug|Any CPU
		{536BD056-92CE-4B17-A08F-4D36ABEBDDD2}.Release|Any CPU.ActiveCfg = Release|Any CPU
		{536BD056-92CE-4B17-A08F-4D36ABEBDDD2}.Release|Any CPU.Build.0 = Release|Any CPU
	EndGlobalSection
	GlobalSection(SolutionProperties) = preSolution
		HideSolutionNode = FALSE
	EndGlobalSection
	GlobalSection(ExtensibilityGlobals) = postSolution
		SolutionGuid = {50684F0D-F454-48FE-93FD-8DC7F9D9CE67}
	EndGlobalSection
EndGlobal
